// !$*UTF8*$!
{
	archiveVersion = 1;
	classes = {
	};
	objectVersion = 77;
	objects = {

/* Begin PBXBuildFile section */
		7DE4DA4A2CE4665C00F7771B /* ActivityView.swift in Sources */ = {isa = PBXBuildFile; fileRef = 7DE4DA2D2CE4665C00F7771B /* ActivityView.swift */; };
		7DE4DA4B2CE4665C00F7771B /* AlertManager.swift in Sources */ = {isa = PBXBuildFile; fileRef = 7DE4DA2E2CE4665C00F7771B /* AlertManager.swift */; };
		7DE4DA4C2CE4665C00F7771B /* BatteryLifeManager.swift in Sources */ = {isa = PBXBuildFile; fileRef = 7DE4DA302CE4665C00F7771B /* BatteryLifeManager.swift */; };
		7DE4DA4D2CE4665C00F7771B /* BatteryUsage.swift in Sources */ = {isa = PBXBuildFile; fileRef = 7DE4DA312CE4665C00F7771B /* BatteryUsage.swift */; };
		7DE4DA4E2CE4665C00F7771B /* CarData.swift in Sources */ = {isa = PBXBuildFile; fileRef = 7DE4DA322CE4665C00F7771B /* CarData.swift */; };
		7DE4DA502CE4665C00F7771B /* CarStatusManager.swift in Sources */ = {isa = PBXBuildFile; fileRef = 7DE4DA342CE4665C00F7771B /* CarStatusManager.swift */; };
		7DE4DA512CE4665C00F7771B /* ConnectionWarningMessage.swift in Sources */ = {isa = PBXBuildFile; fileRef = 7DE4DA352CE4665C00F7771B /* ConnectionWarningMessage.swift */; };
		7DE4DA522CE4665C00F7771B /* ContentView.swift in Sources */ = {isa = PBXBuildFile; fileRef = 7DE4DA362CE4665C00F7771B /* ContentView.swift */; };
		7DE4DA532CE4665C00F7771B /* DataPoint.swift in Sources */ = {isa = PBXBuildFile; fileRef = 7DE4DA372CE4665C00F7771B /* DataPoint.swift */; };
		7DE4DA542CE4665C00F7771B /* DetailedDiagnosticView.swift in Sources */ = {isa = PBXBuildFile; fileRef = 7DE4DA382CE4665C00F7771B /* DetailedDiagnosticView.swift */; };
		7DE4DA552CE4665C00F7771B /* DiagnosticDataManager.swift in Sources */ = {isa = PBXBuildFile; fileRef = 7DE4DA392CE4665C00F7771B /* DiagnosticDataManager.swift */; };
		7DE4DA562CE4665C00F7771B /* DiagnosticDataView.swift in Sources */ = {isa = PBXBuildFile; fileRef = 7DE4DA3A2CE4665C00F7771B /* DiagnosticDataView.swift */; };
		7DE4DA572CE4665C00F7771B /* DiagnosticHistoryView.swift in Sources */ = {isa = PBXBuildFile; fileRef = 7DE4DA3B2CE4665C00F7771B /* DiagnosticHistoryView.swift */; };
		7DE4DA582CE4665C00F7771B /* DiagnosticRecord.swift in Sources */ = {isa = PBXBuildFile; fileRef = 7DE4DA3C2CE4665C00F7771B /* DiagnosticRecord.swift */; };
		7DE4DA592CE4665C00F7771B /* DiagnosticSummary.swift in Sources */ = {isa = PBXBuildFile; fileRef = 7DE4DA3D2CE4665C00F7771B /* DiagnosticSummary.swift */; };
		7DE4DA5A2CE4665C00F7771B /* LineGraphView.swift in Sources */ = {isa = PBXBuildFile; fileRef = 7DE4DA3E2CE4665C00F7771B /* LineGraphView.swift */; };
		7DE4DA5B2CE4665C00F7771B /* NavigationButtonView.swift in Sources */ = {isa = PBXBuildFile; fileRef = 7DE4DA3F2CE4665C00F7771B /* NavigationButtonView.swift */; };
		7DE4DA5C2CE4665C00F7771B /* NavigationLinksView.swift in Sources */ = {isa = PBXBuildFile; fileRef = 7DE4DA402CE4665C00F7771B /* NavigationLinksView.swift */; };
		7DE4DA5D2CE4665C00F7771B /* PDFReportGenerator.swift in Sources */ = {isa = PBXBuildFile; fileRef = 7DE4DA412CE4665C00F7771B /* PDFReportGenerator.swift */; };
		7DE4DA5E2CE4665C00F7771B /* ReportButton.swift in Sources */ = {isa = PBXBuildFile; fileRef = 7DE4DA422CE4665C00F7771B /* ReportButton.swift */; };
		7DE4DA5F2CE4665C00F7771B /* ThresholdSettings.swift in Sources */ = {isa = PBXBuildFile; fileRef = 7DE4DA432CE4665C00F7771B /* ThresholdSettings.swift */; };
		7DE4DA602CE4665C00F7771B /* ThresholdSettingsView.swift in Sources */ = {isa = PBXBuildFile; fileRef = 7DE4DA442CE4665C00F7771B /* ThresholdSettingsView.swift */; };
		7DE4DA612CE4665C00F7771B /* WarningHistoryView.swift in Sources */ = {isa = PBXBuildFile; fileRef = 7DE4DA452CE4665C00F7771B /* WarningHistoryView.swift */; };
		7DE4DA622CE4665C00F7771B /* WarningLog.swift in Sources */ = {isa = PBXBuildFile; fileRef = 7DE4DA462CE4665C00F7771B /* WarningLog.swift */; };
		7DE4DA632CE4665C00F7771B /* WarningManager.swift in Sources */ = {isa = PBXBuildFile; fileRef = 7DE4DA472CE4665C00F7771B /* WarningManager.swift */; };
		7DE4DA6A2CE46FA100F7771B /* BluetoothManager.swift in Sources */ = {isa = PBXBuildFile; fileRef = 7DE4DA692CE46FA000F7771B /* BluetoothManager.swift */; };
		7DE4DA6C2CE4719600F7771B /* MaintenanceTipManager.swift in Sources */ = {isa = PBXBuildFile; fileRef = 7DE4DA6B2CE4719600F7771B /* MaintenanceTipManager.swift */; };
		7DE4DA6E2CE471B900F7771B /* MaintenanceTipsView.swift in Sources */ = {isa = PBXBuildFile; fileRef = 7DE4DA6D2CE471B900F7771B /* MaintenanceTipsView.swift */; };
/* End PBXBuildFile section */

/* Begin PBXFileReference section */
		7D7374C72CD9F8D900FBA7FC /* CarDiagnosticApp.app */ = {isa = PBXFileReference; explicitFileType = wrapper.application; includeInIndex = 0; path = CarDiagnosticApp.app; sourceTree = BUILT_PRODUCTS_DIR; };
		7DE4DA2D2CE4665C00F7771B /* ActivityView.swift */ = {isa = PBXFileReference; lastKnownFileType = sourcecode.swift; path = ActivityView.swift; sourceTree = "<group>"; };
		7DE4DA2E2CE4665C00F7771B /* AlertManager.swift */ = {isa = PBXFileReference; lastKnownFileType = sourcecode.swift; path = AlertManager.swift; sourceTree = "<group>"; };
		7DE4DA302CE4665C00F7771B /* BatteryLifeManager.swift */ = {isa = PBXFileReference; lastKnownFileType = sourcecode.swift; path = BatteryLifeManager.swift; sourceTree = "<group>"; };
		7DE4DA312CE4665C00F7771B /* BatteryUsage.swift */ = {isa = PBXFileReference; lastKnownFileType = sourcecode.swift; path = BatteryUsage.swift; sourceTree = "<group>"; };
		7DE4DA322CE4665C00F7771B /* CarData.swift */ = {isa = PBXFileReference; lastKnownFileType = sourcecode.swift; path = CarData.swift; sourceTree = "<group>"; };
		7DE4DA342CE4665C00F7771B /* CarStatusManager.swift */ = {isa = PBXFileReference; lastKnownFileType = sourcecode.swift; path = CarStatusManager.swift; sourceTree = "<group>"; };
		7DE4DA352CE4665C00F7771B /* ConnectionWarningMessage.swift */ = {isa = PBXFileReference; lastKnownFileType = sourcecode.swift; path = ConnectionWarningMessage.swift; sourceTree = "<group>"; };
		7DE4DA362CE4665C00F7771B /* ContentView.swift */ = {isa = PBXFileReference; lastKnownFileType = sourcecode.swift; path = ContentView.swift; sourceTree = "<group>"; };
		7DE4DA372CE4665C00F7771B /* DataPoint.swift */ = {isa = PBXFileReference; lastKnownFileType = sourcecode.swift; path = DataPoint.swift; sourceTree = "<group>"; };
		7DE4DA382CE4665C00F7771B /* DetailedDiagnosticView.swift */ = {isa = PBXFileReference; lastKnownFileType = sourcecode.swift; path = DetailedDiagnosticView.swift; sourceTree = "<group>"; };
		7DE4DA392CE4665C00F7771B /* DiagnosticDataManager.swift */ = {isa = PBXFileReference; lastKnownFileType = sourcecode.swift; path = DiagnosticDataManager.swift; sourceTree = "<group>"; };
		7DE4DA3A2CE4665C00F7771B /* DiagnosticDataView.swift */ = {isa = PBXFileReference; lastKnownFileType = sourcecode.swift; path = DiagnosticDataView.swift; sourceTree = "<group>"; };
		7DE4DA3B2CE4665C00F7771B /* DiagnosticHistoryView.swift */ = {isa = PBXFileReference; lastKnownFileType = sourcecode.swift; path = DiagnosticHistoryView.swift; sourceTree = "<group>"; };
		7DE4DA3C2CE4665C00F7771B /* DiagnosticRecord.swift */ = {isa = PBXFileReference; lastKnownFileType = sourcecode.swift; path = DiagnosticRecord.swift; sourceTree = "<group>"; };
		7DE4DA3D2CE4665C00F7771B /* DiagnosticSummary.swift */ = {isa = PBXFileReference; lastKnownFileType = sourcecode.swift; path = DiagnosticSummary.swift; sourceTree = "<group>"; };
		7DE4DA3E2CE4665C00F7771B /* LineGraphView.swift */ = {isa = PBXFileReference; lastKnownFileType = sourcecode.swift; path = LineGraphView.swift; sourceTree = "<group>"; };
		7DE4DA3F2CE4665C00F7771B /* NavigationButtonView.swift */ = {isa = PBXFileReference; lastKnownFileType = sourcecode.swift; path = NavigationButtonView.swift; sourceTree = "<group>"; };
		7DE4DA402CE4665C00F7771B /* NavigationLinksView.swift */ = {isa = PBXFileReference; lastKnownFileType = sourcecode.swift; path = NavigationLinksView.swift; sourceTree = "<group>"; };
		7DE4DA412CE4665C00F7771B /* PDFReportGenerator.swift */ = {isa = PBXFileReference; lastKnownFileType = sourcecode.swift; path = PDFReportGenerator.swift; sourceTree = "<group>"; };
		7DE4DA422CE4665C00F7771B /* ReportButton.swift */ = {isa = PBXFileReference; lastKnownFileType = sourcecode.swift; path = ReportButton.swift; sourceTree = "<group>"; };
		7DE4DA432CE4665C00F7771B /* ThresholdSettings.swift */ = {isa = PBXFileReference; lastKnownFileType = sourcecode.swift; path = ThresholdSettings.swift; sourceTree = "<group>"; };
		7DE4DA442CE4665C00F7771B /* ThresholdSettingsView.swift */ = {isa = PBXFileReference; lastKnownFileType = sourcecode.swift; path = ThresholdSettingsView.swift; sourceTree = "<group>"; };
		7DE4DA452CE4665C00F7771B /* WarningHistoryView.swift */ = {isa = PBXFileReference; lastKnownFileType = sourcecode.swift; path = WarningHistoryView.swift; sourceTree = "<group>"; };
		7DE4DA462CE4665C00F7771B /* WarningLog.swift */ = {isa = PBXFileReference; lastKnownFileType = sourcecode.swift; path = WarningLog.swift; sourceTree = "<group>"; };
		7DE4DA472CE4665C00F7771B /* WarningManager.swift */ = {isa = PBXFileReference; lastKnownFileType = sourcecode.swift; path = WarningManager.swift; sourceTree = "<group>"; };
		7DE4DA692CE46FA000F7771B /* BluetoothManager.swift */ = {isa = PBXFileReference; lastKnownFileType = sourcecode.swift; path = BluetoothManager.swift; sourceTree = "<group>"; };
		7DE4DA6B2CE4719600F7771B /* MaintenanceTipManager.swift */ = {isa = PBXFileReference; lastKnownFileType = sourcecode.swift; path = MaintenanceTipManager.swift; sourceTree = "<group>"; };
		7DE4DA6D2CE471B900F7771B /* MaintenanceTipsView.swift */ = {isa = PBXFileReference; lastKnownFileType = sourcecode.swift; path = MaintenanceTipsView.swift; sourceTree = "<group>"; };
/* End PBXFileReference section */

/* Begin PBXFileSystemSynchronizedRootGroup section */
		7D7374C92CD9F8D900FBA7FC /* CarDiagnosticApp */ = {
			isa = PBXFileSystemSynchronizedRootGroup;
			path = CarDiagnosticApp;
			sourceTree = "<group>";
		};
/* End PBXFileSystemSynchronizedRootGroup section */

/* Begin PBXFrameworksBuildPhase section */
		7D7374C42CD9F8D900FBA7FC /* Frameworks */ = {
			isa = PBXFrameworksBuildPhase;
			buildActionMask = 2147483647;
			files = (
			);
			runOnlyForDeploymentPostprocessing = 0;
		};
/* End PBXFrameworksBuildPhase section */

/* Begin PBXGroup section */
		7D7374BE2CD9F8D900FBA7FC = {
			isa = PBXGroup;
			children = (
				7D7374C92CD9F8D900FBA7FC /* CarDiagnosticApp */,
				7D7374C82CD9F8D900FBA7FC /* Products */,
				7DE4DA642CE46ABD00F7771B /* Model */,
				7DE4DA662CE46AE400F7771B /* View */,
				7DE4DA682CE46AF400F7771B /* Controller */,
			);
			sourceTree = "<group>";
		};
		7D7374C82CD9F8D900FBA7FC /* Products */ = {
			isa = PBXGroup;
			children = (
				7D7374C72CD9F8D900FBA7FC /* CarDiagnosticApp.app */,
			);
			name = Products;
			sourceTree = "<group>";
		};
		7DE4DA642CE46ABD00F7771B /* Model */ = {
			isa = PBXGroup;
			children = (
				7DE4DA462CE4665C00F7771B /* WarningLog.swift */,
				7DE4DA372CE4665C00F7771B /* DataPoint.swift */,
				7DE4DA312CE4665C00F7771B /* BatteryUsage.swift */,
				7DE4DA3C2CE4665C00F7771B /* DiagnosticRecord.swift */,
			);
			path = Model;
			sourceTree = "<group>";
		};
		7DE4DA662CE46AE400F7771B /* View */ = {
			isa = PBXGroup;
			children = (
				7DE4DA422CE4665C00F7771B /* ReportButton.swift */,
				7DE4DA452CE4665C00F7771B /* WarningHistoryView.swift */,
				7DE4DA3E2CE4665C00F7771B /* LineGraphView.swift */,
				7DE4DA382CE4665C00F7771B /* DetailedDiagnosticView.swift */,
				7DE4DA362CE4665C00F7771B /* ContentView.swift */,
				7DE4DA3B2CE4665C00F7771B /* DiagnosticHistoryView.swift */,
				7DE4DA2D2CE4665C00F7771B /* ActivityView.swift */,
				7DE4DA3A2CE4665C00F7771B /* DiagnosticDataView.swift */,
				7DE4DA402CE4665C00F7771B /* NavigationLinksView.swift */,
				7DE4DA3F2CE4665C00F7771B /* NavigationButtonView.swift */,
				7DE4DA442CE4665C00F7771B /* ThresholdSettingsView.swift */,
				7DE4DA6D2CE471B900F7771B /* MaintenanceTipsView.swift */,
			);
			path = View;
			sourceTree = "<group>";
		};
		7DE4DA682CE46AF400F7771B /* Controller */ = {
			isa = PBXGroup;
			children = (
				7DE4DA472CE4665C00F7771B /* WarningManager.swift */,
				7DE4DA322CE4665C00F7771B /* CarData.swift */,
				7DE4DA2E2CE4665C00F7771B /* AlertManager.swift */,
				7DE4DA432CE4665C00F7771B /* ThresholdSettings.swift */,
				7DE4DA692CE46FA000F7771B /* BluetoothManager.swift */,
				7DE4DA342CE4665C00F7771B /* CarStatusManager.swift */,
				7DE4DA302CE4665C00F7771B /* BatteryLifeManager.swift */,
				7DE4DA352CE4665C00F7771B /* ConnectionWarningMessage.swift */,
				7DE4DA392CE4665C00F7771B /* DiagnosticDataManager.swift */,
				7DE4DA3D2CE4665C00F7771B /* DiagnosticSummary.swift */,
				7DE4DA412CE4665C00F7771B /* PDFReportGenerator.swift */,
				7DE4DA6B2CE4719600F7771B /* MaintenanceTipManager.swift */,
			);
			path = Controller;
			sourceTree = "<group>";
		};
/* End PBXGroup section */

/* Begin PBXNativeTarget section */
		7D7374C62CD9F8D900FBA7FC /* CarDiagnosticApp */ = {
			isa = PBXNativeTarget;
			buildConfigurationList = 7D7374D52CD9F8DB00FBA7FC /* Build configuration list for PBXNativeTarget "CarDiagnosticApp" */;
			buildPhases = (
				7D7374C32CD9F8D900FBA7FC /* Sources */,
				7D7374C42CD9F8D900FBA7FC /* Frameworks */,
				7D7374C52CD9F8D900FBA7FC /* Resources */,
			);
			buildRules = (
			);
			dependencies = (
			);
			fileSystemSynchronizedGroups = (
				7D7374C92CD9F8D900FBA7FC /* CarDiagnosticApp */,
			);
			name = CarDiagnosticApp;
			packageProductDependencies = (
			);
			productName = CarDiagnosticApp;
			productReference = 7D7374C72CD9F8D900FBA7FC /* CarDiagnosticApp.app */;
			productType = "com.apple.product-type.application";
		};
/* End PBXNativeTarget section */

/* Begin PBXProject section */
		7D7374BF2CD9F8D900FBA7FC /* Project object */ = {
			isa = PBXProject;
			attributes = {
				BuildIndependentTargetsInParallel = 1;
				LastSwiftUpdateCheck = 1610;
				LastUpgradeCheck = 1610;
				TargetAttributes = {
					7D7374C62CD9F8D900FBA7FC = {
						CreatedOnToolsVersion = 16.1;
					};
				};
			};
			buildConfigurationList = 7D7374C22CD9F8D900FBA7FC /* Build configuration list for PBXProject "CarDiagnosticApp" */;
			developmentRegion = en;
			hasScannedForEncodings = 0;
			knownRegions = (
				en,
				Base,
			);
			mainGroup = 7D7374BE2CD9F8D900FBA7FC;
			minimizedProjectReferenceProxies = 1;
			preferredProjectObjectVersion = 77;
			productRefGroup = 7D7374C82CD9F8D900FBA7FC /* Products */;
			projectDirPath = "";
			projectRoot = "";
			targets = (
				7D7374C62CD9F8D900FBA7FC /* CarDiagnosticApp */,
			);
		};
/* End PBXProject section */

/* Begin PBXResourcesBuildPhase section */
		7D7374C52CD9F8D900FBA7FC /* Resources */ = {
			isa = PBXResourcesBuildPhase;
			buildActionMask = 2147483647;
			files = (
			);
			runOnlyForDeploymentPostprocessing = 0;
		};
/* End PBXResourcesBuildPhase section */

/* Begin PBXSourcesBuildPhase section */
		7D7374C32CD9F8D900FBA7FC /* Sources */ = {
			isa = PBXSourcesBuildPhase;
			buildActionMask = 2147483647;
			files = (
				7DE4DA4A2CE4665C00F7771B /* ActivityView.swift in Sources */,
				7DE4DA4B2CE4665C00F7771B /* AlertManager.swift in Sources */,
				7DE4DA4C2CE4665C00F7771B /* BatteryLifeManager.swift in Sources */,
				7DE4DA6A2CE46FA100F7771B /* BluetoothManager.swift in Sources */,
				7DE4DA4D2CE4665C00F7771B /* BatteryUsage.swift in Sources */,
				7DE4DA4E2CE4665C00F7771B /* CarData.swift in Sources */,
				7DE4DA502CE4665C00F7771B /* CarStatusManager.swift in Sources */,
				7DE4DA512CE4665C00F7771B /* ConnectionWarningMessage.swift in Sources */,
				7DE4DA522CE4665C00F7771B /* ContentView.swift in Sources */,
				7DE4DA532CE4665C00F7771B /* DataPoint.swift in Sources */,
				7DE4DA542CE4665C00F7771B /* DetailedDiagnosticView.swift in Sources */,
				7DE4DA552CE4665C00F7771B /* DiagnosticDataManager.swift in Sources */,
				7DE4DA562CE4665C00F7771B /* DiagnosticDataView.swift in Sources */,
				7DE4DA572CE4665C00F7771B /* DiagnosticHistoryView.swift in Sources */,
				7DE4DA582CE4665C00F7771B /* DiagnosticRecord.swift in Sources */,
				7DE4DA592CE4665C00F7771B /* DiagnosticSummary.swift in Sources */,
				7DE4DA6E2CE471B900F7771B /* MaintenanceTipsView.swift in Sources */,
				7DE4DA5A2CE4665C00F7771B /* LineGraphView.swift in Sources */,
				7DE4DA5B2CE4665C00F7771B /* NavigationButtonView.swift in Sources */,
				7DE4DA5C2CE4665C00F7771B /* NavigationLinksView.swift in Sources */,
				7DE4DA5D2CE4665C00F7771B /* PDFReportGenerator.swift in Sources */,
				7DE4DA6C2CE4719600F7771B /* MaintenanceTipManager.swift in Sources */,
				7DE4DA5E2CE4665C00F7771B /* ReportButton.swift in Sources */,
				7DE4DA5F2CE4665C00F7771B /* ThresholdSettings.swift in Sources */,
				7DE4DA602CE4665C00F7771B /* ThresholdSettingsView.swift in Sources */,
				7DE4DA612CE4665C00F7771B /* WarningHistoryView.swift in Sources */,
				7DE4DA622CE4665C00F7771B /* WarningLog.swift in Sources */,
				7DE4DA632CE4665C00F7771B /* WarningManager.swift in Sources */,
			);
			runOnlyForDeploymentPostprocessing = 0;
		};
/* End PBXSourcesBuildPhase section */

/* Begin XCBuildConfiguration section */
		7D7374D32CD9F8DB00FBA7FC /* Debug */ = {
			isa = XCBuildConfiguration;
			buildSettings = {
				ALWAYS_SEARCH_USER_PATHS = NO;
				ASSETCATALOG_COMPILER_GENERATE_SWIFT_ASSET_SYMBOL_EXTENSIONS = YES;
				CLANG_ANALYZER_NONNULL = YES;
				CLANG_ANALYZER_NUMBER_OBJECT_CONVERSION = YES_AGGRESSIVE;
				CLANG_CXX_LANGUAGE_STANDARD = "gnu++20";
				CLANG_ENABLE_MODULES = YES;
				CLANG_ENABLE_OBJC_ARC = YES;
				CLANG_ENABLE_OBJC_WEAK = YES;
				CLANG_WARN_BLOCK_CAPTURE_AUTORELEASING = YES;
				CLANG_WARN_BOOL_CONVERSION = YES;
				CLANG_WARN_COMMA = YES;
				CLANG_WARN_CONSTANT_CONVERSION = YES;
				CLANG_WARN_DEPRECATED_OBJC_IMPLEMENTATIONS = YES;
				CLANG_WARN_DIRECT_OBJC_ISA_USAGE = YES_ERROR;
				CLANG_WARN_DOCUMENTATION_COMMENTS = YES;
				CLANG_WARN_EMPTY_BODY = YES;
				CLANG_WARN_ENUM_CONVERSION = YES;
				CLANG_WARN_INFINITE_RECURSION = YES;
				CLANG_WARN_INT_CONVERSION = YES;
				CLANG_WARN_NON_LITERAL_NULL_CONVERSION = YES;
				CLANG_WARN_OBJC_IMPLICIT_RETAIN_SELF = YES;
				CLANG_WARN_OBJC_LITERAL_CONVERSION = YES;
				CLANG_WARN_OBJC_ROOT_CLASS = YES_ERROR;
				CLANG_WARN_QUOTED_INCLUDE_IN_FRAMEWORK_HEADER = YES;
				CLANG_WARN_RANGE_LOOP_ANALYSIS = YES;
				CLANG_WARN_STRICT_PROTOTYPES = YES;
				CLANG_WARN_SUSPICIOUS_MOVE = YES;
				CLANG_WARN_UNGUARDED_AVAILABILITY = YES_AGGRESSIVE;
				CLANG_WARN_UNREACHABLE_CODE = YES;
				CLANG_WARN__DUPLICATE_METHOD_MATCH = YES;
				COPY_PHASE_STRIP = NO;
				DEBUG_INFORMATION_FORMAT = dwarf;
				ENABLE_STRICT_OBJC_MSGSEND = YES;
				ENABLE_TESTABILITY = YES;
				ENABLE_USER_SCRIPT_SANDBOXING = YES;
				GCC_C_LANGUAGE_STANDARD = gnu17;
				GCC_DYNAMIC_NO_PIC = NO;
				GCC_NO_COMMON_BLOCKS = YES;
				GCC_OPTIMIZATION_LEVEL = 0;
				GCC_PREPROCESSOR_DEFINITIONS = (
					"DEBUG=1",
					"$(inherited)",
				);
				GCC_WARN_64_TO_32_BIT_CONVERSION = YES;
				GCC_WARN_ABOUT_RETURN_TYPE = YES_ERROR;
				GCC_WARN_UNDECLARED_SELECTOR = YES;
				GCC_WARN_UNINITIALIZED_AUTOS = YES_AGGRESSIVE;
				GCC_WARN_UNUSED_FUNCTION = YES;
				GCC_WARN_UNUSED_VARIABLE = YES;
				IPHONEOS_DEPLOYMENT_TARGET = 18.1;
				LOCALIZATION_PREFERS_STRING_CATALOGS = YES;
				MTL_ENABLE_DEBUG_INFO = INCLUDE_SOURCE;
				MTL_FAST_MATH = YES;
				ONLY_ACTIVE_ARCH = YES;
				SDKROOT = iphoneos;
				SWIFT_ACTIVE_COMPILATION_CONDITIONS = "DEBUG $(inherited)";
				SWIFT_OPTIMIZATION_LEVEL = "-Onone";
			};
			name = Debug;
		};
		7D7374D42CD9F8DB00FBA7FC /* Release */ = {
			isa = XCBuildConfiguration;
			buildSettings = {
				ALWAYS_SEARCH_USER_PATHS = NO;
				ASSETCATALOG_COMPILER_GENERATE_SWIFT_ASSET_SYMBOL_EXTENSIONS = YES;
				CLANG_ANALYZER_NONNULL = YES;
				CLANG_ANALYZER_NUMBER_OBJECT_CONVERSION = YES_AGGRESSIVE;
				CLANG_CXX_LANGUAGE_STANDARD = "gnu++20";
				CLANG_ENABLE_MODULES = YES;
				CLANG_ENABLE_OBJC_ARC = YES;
				CLANG_ENABLE_OBJC_WEAK = YES;
				CLANG_WARN_BLOCK_CAPTURE_AUTORELEASING = YES;
				CLANG_WARN_BOOL_CONVERSION = YES;
				CLANG_WARN_COMMA = YES;
				CLANG_WARN_CONSTANT_CONVERSION = YES;
				CLANG_WARN_DEPRECATED_OBJC_IMPLEMENTATIONS = YES;
				CLANG_WARN_DIRECT_OBJC_ISA_USAGE = YES_ERROR;
				CLANG_WARN_DOCUMENTATION_COMMENTS = YES;
				CLANG_WARN_EMPTY_BODY = YES;
				CLANG_WARN_ENUM_CONVERSION = YES;
				CLANG_WARN_INFINITE_RECURSION = YES;
				CLANG_WARN_INT_CONVERSION = YES;
				CLANG_WARN_NON_LITERAL_NULL_CONVERSION = YES;
				CLANG_WARN_OBJC_IMPLICIT_RETAIN_SELF = YES;
				CLANG_WARN_OBJC_LITERAL_CONVERSION = YES;
				CLANG_WARN_OBJC_ROOT_CLASS = YES_ERROR;
				CLANG_WARN_QUOTED_INCLUDE_IN_FRAMEWORK_HEADER = YES;
				CLANG_WARN_RANGE_LOOP_ANALYSIS = YES;
				CLANG_WARN_STRICT_PROTOTYPES = YES;
				CLANG_WARN_SUSPICIOUS_MOVE = YES;
				CLANG_WARN_UNGUARDED_AVAILABILITY = YES_AGGRESSIVE;
				CLANG_WARN_UNREACHABLE_CODE = YES;
				CLANG_WARN__DUPLICATE_METHOD_MATCH = YES;
				COPY_PHASE_STRIP = NO;
				DEBUG_INFORMATION_FORMAT = "dwarf-with-dsym";
				ENABLE_NS_ASSERTIONS = NO;
				ENABLE_STRICT_OBJC_MSGSEND = YES;
				ENABLE_USER_SCRIPT_SANDBOXING = YES;
				GCC_C_LANGUAGE_STANDARD = gnu17;
				GCC_NO_COMMON_BLOCKS = YES;
				GCC_WARN_64_TO_32_BIT_CONVERSION = YES;
				GCC_WARN_ABOUT_RETURN_TYPE = YES_ERROR;
				GCC_WARN_UNDECLARED_SELECTOR = YES;
				GCC_WARN_UNINITIALIZED_AUTOS = YES_AGGRESSIVE;
				GCC_WARN_UNUSED_FUNCTION = YES;
				GCC_WARN_UNUSED_VARIABLE = YES;
				IPHONEOS_DEPLOYMENT_TARGET = 18.1;
				LOCALIZATION_PREFERS_STRING_CATALOGS = YES;
				MTL_ENABLE_DEBUG_INFO = NO;
				MTL_FAST_MATH = YES;
				SDKROOT = iphoneos;
				SWIFT_COMPILATION_MODE = wholemodule;
				VALIDATE_PRODUCT = YES;
			};
			name = Release;
		};
		7D7374D62CD9F8DB00FBA7FC /* Debug */ = {
			isa = XCBuildConfiguration;
			buildSettings = {
				ASSETCATALOG_COMPILER_APPICON_NAME = AppIcon;
				ASSETCATALOG_COMPILER_GLOBAL_ACCENT_COLOR_NAME = AccentColor;
				CODE_SIGN_STYLE = Automatic;
				CURRENT_PROJECT_VERSION = 1;
				DEVELOPMENT_ASSET_PATHS = "\"CarDiagnosticApp/Preview Content\"";
				DEVELOPMENT_TEAM = 54THW6C299;
				ENABLE_PREVIEWS = YES;
				GENERATE_INFOPLIST_FILE = YES;
				INFOPLIST_KEY_UIApplicationSceneManifest_Generation = YES;
				INFOPLIST_KEY_UIApplicationSupportsIndirectInputEvents = YES;
				INFOPLIST_KEY_UILaunchScreen_Generation = YES;
				INFOPLIST_KEY_UISupportedInterfaceOrientations_iPad = "UIInterfaceOrientationPortrait UIInterfaceOrientationPortraitUpsideDown UIInterfaceOrientationLandscapeLeft UIInterfaceOrientationLandscapeRight";
				INFOPLIST_KEY_UISupportedInterfaceOrientations_iPhone = "UIInterfaceOrientationPortrait UIInterfaceOrientationLandscapeLeft UIInterfaceOrientationLandscapeRight";
				IPHONEOS_DEPLOYMENT_TARGET = 16.6;
				LD_RUNPATH_SEARCH_PATHS = (
					"$(inherited)",
					"@executable_path/Frameworks",
				);
				MARKETING_VERSION = 1.0;
				PRODUCT_BUNDLE_IDENTIFIER = com.JP.CarDiagnosticApp;
				PRODUCT_NAME = "$(TARGET_NAME)";
				SWIFT_EMIT_LOC_STRINGS = YES;
				SWIFT_VERSION = 5.0;
				TARGETED_DEVICE_FAMILY = "1,2";
			};
			name = Debug;
		};
		7D7374D72CD9F8DB00FBA7FC /* Release */ = {
			isa = XCBuildConfiguration;
			buildSettings = {
				ASSETCATALOG_COMPILER_APPICON_NAME = AppIcon;
				ASSETCATALOG_COMPILER_GLOBAL_ACCENT_COLOR_NAME = AccentColor;
				CODE_SIGN_STYLE = Automatic;
				CURRENT_PROJECT_VERSION = 1;
				DEVELOPMENT_ASSET_PATHS = "\"CarDiagnosticApp/Preview Content\"";
				DEVELOPMENT_TEAM = 54THW6C299;
				ENABLE_PREVIEWS = YES;
				GENERATE_INFOPLIST_FILE = YES;
				INFOPLIST_KEY_UIApplicationSceneManifest_Generation = YES;
				INFOPLIST_KEY_UIApplicationSupportsIndirectInputEvents = YES;
				INFOPLIST_KEY_UILaunchScreen_Generation = YES;
				INFOPLIST_KEY_UISupportedInterfaceOrientations_iPad = "UIInterfaceOrientationPortrait UIInterfaceOrientationPortraitUpsideDown UIInterfaceOrientationLandscapeLeft UIInterfaceOrientationLandscapeRight";
				INFOPLIST_KEY_UISupportedInterfaceOrientations_iPhone = "UIInterfaceOrientationPortrait UIInterfaceOrientationLandscapeLeft UIInterfaceOrientationLandscapeRight";
				IPHONEOS_DEPLOYMENT_TARGET = 16.6;
				LD_RUNPATH_SEARCH_PATHS = (
					"$(inherited)",
					"@executable_path/Frameworks",
				);
				MARKETING_VERSION = 1.0;
				PRODUCT_BUNDLE_IDENTIFIER = com.JP.CarDiagnosticApp;
				PRODUCT_NAME = "$(TARGET_NAME)";
				SWIFT_EMIT_LOC_STRINGS = YES;
				SWIFT_VERSION = 5.0;
				TARGETED_DEVICE_FAMILY = "1,2";
			};
			name = Release;
		};
/* End XCBuildConfiguration section */

/* Begin XCConfigurationList section */
		7D7374C22CD9F8D900FBA7FC /* Build configuration list for PBXProject "CarDiagnosticApp" */ = {
			isa = XCConfigurationList;
			buildConfigurations = (
				7D7374D32CD9F8DB00FBA7FC /* Debug */,
				7D7374D42CD9F8DB00FBA7FC /* Release */,
			);
			defaultConfigurationIsVisible = 0;
			defaultConfigurationName = Release;
		};
		7D7374D52CD9F8DB00FBA7FC /* Build configuration list for PBXNativeTarget "CarDiagnosticApp" */ = {
			isa = XCConfigurationList;
			buildConfigurations = (
				7D7374D62CD9F8DB00FBA7FC /* Debug */,
				7D7374D72CD9F8DB00FBA7FC /* Release */,
			);
			defaultConfigurationIsVisible = 0;
			defaultConfigurationName = Release;
		};
/* End XCConfigurationList section */
	};
	rootObject = 7D7374BF2CD9F8D900FBA7FC /* Project object */;
}
